
Microsoft Visual Studio Solution File, Format Version 11.00
# Visual Studio 2010
Project("{FAE04EC0-301F-11D3-BF4B-00C04F79EFBC}") = "unified-test-app", "unified-test-app.csproj", "{87774870-23D7-4A35-A542-3C649DA44978}"
EndProject
Global
	GlobalSection(SolutionConfigurationPlatforms) = preSolution
		Debug|iPhoneSimulator = Debug|iPhoneSimulator
		Release|iPhoneSimulator = Release|iPhoneSimulator
		Debug|iPhone = Debug|iPhone
		Release|iPhone = Release|iPhone
		StaticRegistrar|iPhoneSimulator = StaticRegistrar|iPhoneSimulator
		DebugCrashlytics|iPhone = DebugCrashlytics|iPhone
		DebugCrashlytics|iPhoneSimulator = DebugCrashlytics|iPhoneSimulator
		StaticRegistrar|iPhone = StaticRegistrar|iPhone
	EndGlobalSection
	GlobalSection(ProjectConfigurationPlatforms) = postSolution
		{87774870-23D7-4A35-A542-3C649DA44978}.Debug|iPhone.ActiveCfg = Debug|iPhone
		{87774870-23D7-4A35-A542-3C649DA44978}.Debug|iPhone.Build.0 = Debug|iPhone
		{87774870-23D7-4A35-A542-3C649DA44978}.Debug|iPhoneSimulator.ActiveCfg = Debug|iPhoneSimulator
		{87774870-23D7-4A35-A542-3C649DA44978}.Debug|iPhoneSimulator.Build.0 = Debug|iPhoneSimulator
		{87774870-23D7-4A35-A542-3C649DA44978}.DebugCrashlytics|iPhone.ActiveCfg = DebugCrashlytics|iPhone
		{87774870-23D7-4A35-A542-3C649DA44978}.DebugCrashlytics|iPhone.Build.0 = DebugCrashlytics|iPhone
		{87774870-23D7-4A35-A542-3C649DA44978}.DebugCrashlytics|iPhoneSimulator.ActiveCfg = DebugCrashlytics|iPhoneSimulator
		{87774870-23D7-4A35-A542-3C649DA44978}.DebugCrashlytics|iPhoneSimulator.Build.0 = DebugCrashlytics|iPhoneSimulator
		{87774870-23D7-4A35-A542-3C649DA44978}.Release|iPhone.ActiveCfg = Release|iPhone
		{87774870-23D7-4A35-A542-3C649DA44978}.Release|iPhone.Build.0 = Release|iPhone
		{87774870-23D7-4A35-A542-3C649DA44978}.Release|iPhoneSimulator.ActiveCfg = Release|iPhoneSimulator
		{87774870-23D7-4A35-A542-3C649DA44978}.Release|iPhoneSimulator.Build.0 = Release|iPhoneSimulator
		{87774870-23D7-4A35-A542-3C649DA44978}.StaticRegistrar|iPhone.ActiveCfg = StaticRegistrar|iPhone
		{87774870-23D7-4A35-A542-3C649DA44978}.StaticRegistrar|iPhone.Build.0 = StaticRegistrar|iPhone
		{87774870-23D7-4A35-A542-3C649DA44978}.StaticRegistrar|iPhoneSimulator.ActiveCfg = StaticRegistrar|iPhoneSimulator
		{87774870-23D7-4A35-A542-3C649DA44978}.StaticRegistrar|iPhoneSimulator.Build.0 = StaticRegistrar|iPhoneSimulator
	EndGlobalSection
EndGlobal
